github.com/go-sql-driver/mysql v1.6.0 h1:BCTh4TKNUYmOmMUcQ3IipzF5prigylS7XXjEkfCHuOE=
github.com/go-sql-driver/mysql v1.6.0/go.mod h1:DCzpHaOWr8IXmIStZouvnhqoel9Qv2LBy8hT2VhHyBg=
github.com/shogo82148/go-retry v1.3.1 h1:AFJHUWG7mLzLFN/21p3NdzdL55ttZgdapWaFgbtYf8g=
github.com/shogo82148/go-retry v1.3.1/go.mod h1:wttfgfwCMQvNqv4kOpqIvDDJeSmwU+AEIpUyG+5Ca6M=
